# THIS IS AN AUTOGENERATED FILE. DO NOT EDIT THIS FILE DIRECTLY.
# yarn lockfile v1


"@types/big.js@^4.0.5":
  version "4.0.5"
  resolved "https://registry.yarnpkg.com/@types/big.js/-/big.js-4.0.5.tgz#62c61697646269e39191f24e55e8272f05f21fc0"

big.js@^5.1.2:
  version "5.1.2"
  resolved "https://registry.yarnpkg.com/big.js/-/big.js-5.1.2.tgz#946c634f3efd9c8dcd98f953e96a5f389dac3fec"

typescript@^3.1.1:
  version "3.1.1"
  resolved "https://registry.yarnpkg.com/typescript/-/typescript-3.1.1.tgz#3362ba9dd1e482ebb2355b02dfe8bcd19a2c7c96"
